
Microsoft Visual Studio Solution File, Format Version 12.00
# Visual Studio Version 17
VisualStudioVersion = 17.0.32014.148
MinimumVisualStudioVersion = 10.0.40219.1
Project("{FAE04EC0-301F-11D3-BF4B-00C04F79EFBC}") = "Day21", "Day21\Day21.csproj", "{1F7B8D3B-EC72-4D4B-BF0E-720A95CA1521}"
EndProject
Global
	GlobalSection(SolutionConfigurationPlatforms) = preSolution
		Debug|Any CPU = Debug|Any CPU
		Release|Any CPU = Release|Any CPU
	EndGlobalSection
	GlobalSection(ProjectConfigurationPlatforms) = postSolution
		{1F7B8D3B-EC72-4D4B-BF0E-720A95CA1521}.Debug|Any CPU.ActiveCfg = Debug|Any CPU
		{1F7B8D3B-EC72-4D4B-BF0E-720A95CA1521}.Debug|Any CPU.Build.0 = Debug|Any CPU
		{1F7B8D3B-EC72-4D4B-BF0E-720A95CA1521}.Release|Any CPU.ActiveCfg = Release|Any CPU
		{1F7B8D3B-EC72-4D4B-BF0E-720A95CA1521}.Release|Any CPU.Build.0 = Release|Any CPU
	EndGlobalSection
	GlobalSection(SolutionProperties) = preSolution
		HideSolutionNode = FALSE
	EndGlobalSection
	GlobalSection(ExtensibilityGlobals) = postSolution
		SolutionGuid = {0E028B47-C148-4E6B-97B4-A8FCFC5773BE}
	EndGlobalSection
EndGlobal
