
Microsoft Visual Studio Solution File, Format Version 12.00
# Visual Studio Version 17
VisualStudioVersion = 17.0.31919.166
MinimumVisualStudioVersion = 10.0.40219.1
Project("{FAE04EC0-301F-11D3-BF4B-00C04F79EFBC}") = "Day03", "Day03\Day03.csproj", "{EC58104D-11FF-4DF7-96B9-9C5CA7186BB7}"
EndProject
Global
	GlobalSection(SolutionConfigurationPlatforms) = preSolution
		Debug|Any CPU = Debug|Any CPU
		Release|Any CPU = Release|Any CPU
	EndGlobalSection
	GlobalSection(ProjectConfigurationPlatforms) = postSolution
		{EC58104D-11FF-4DF7-96B9-9C5CA7186BB7}.Debug|Any CPU.ActiveCfg = Debug|Any CPU
		{EC58104D-11FF-4DF7-96B9-9C5CA7186BB7}.Debug|Any CPU.Build.0 = Debug|Any CPU
		{EC58104D-11FF-4DF7-96B9-9C5CA7186BB7}.Release|Any CPU.ActiveCfg = Release|Any CPU
		{EC58104D-11FF-4DF7-96B9-9C5CA7186BB7}.Release|Any CPU.Build.0 = Release|Any CPU
	EndGlobalSection
	GlobalSection(SolutionProperties) = preSolution
		HideSolutionNode = FALSE
	EndGlobalSection
	GlobalSection(ExtensibilityGlobals) = postSolution
		SolutionGuid = {67306D5F-ECE1-4B62-A1AC-3E4B28C80E6D}
	EndGlobalSection
EndGlobal
