
Microsoft Visual Studio Solution File, Format Version 12.00
# Visual Studio Version 17
VisualStudioVersion = 17.0.31919.166
MinimumVisualStudioVersion = 10.0.40219.1
Project("{FAE04EC0-301F-11D3-BF4B-00C04F79EFBC}") = "Day11", "Day11\Day11.csproj", "{C1334C57-7861-4394-9FD7-E956E187D6B1}"
EndProject
Global
	GlobalSection(SolutionConfigurationPlatforms) = preSolution
		Debug|Any CPU = Debug|Any CPU
		Release|Any CPU = Release|Any CPU
	EndGlobalSection
	GlobalSection(ProjectConfigurationPlatforms) = postSolution
		{C1334C57-7861-4394-9FD7-E956E187D6B1}.Debug|Any CPU.ActiveCfg = Debug|Any CPU
		{C1334C57-7861-4394-9FD7-E956E187D6B1}.Debug|Any CPU.Build.0 = Debug|Any CPU
		{C1334C57-7861-4394-9FD7-E956E187D6B1}.Release|Any CPU.ActiveCfg = Release|Any CPU
		{C1334C57-7861-4394-9FD7-E956E187D6B1}.Release|Any CPU.Build.0 = Release|Any CPU
	EndGlobalSection
	GlobalSection(SolutionProperties) = preSolution
		HideSolutionNode = FALSE
	EndGlobalSection
	GlobalSection(ExtensibilityGlobals) = postSolution
		SolutionGuid = {7E6C3E18-E918-418F-B0A3-885ED295E2DC}
	EndGlobalSection
EndGlobal
