
Microsoft Visual Studio Solution File, Format Version 12.00
# Visual Studio Version 17
VisualStudioVersion = 17.0.32014.148
MinimumVisualStudioVersion = 10.0.40219.1
Project("{FAE04EC0-301F-11D3-BF4B-00C04F79EFBC}") = "Day22", "Day22\Day22.csproj", "{1D0C351F-08C3-4CF7-8D68-81427840AB75}"
EndProject
Global
	GlobalSection(SolutionConfigurationPlatforms) = preSolution
		Debug|Any CPU = Debug|Any CPU
		Release|Any CPU = Release|Any CPU
	EndGlobalSection
	GlobalSection(ProjectConfigurationPlatforms) = postSolution
		{1D0C351F-08C3-4CF7-8D68-81427840AB75}.Debug|Any CPU.ActiveCfg = Debug|Any CPU
		{1D0C351F-08C3-4CF7-8D68-81427840AB75}.Debug|Any CPU.Build.0 = Debug|Any CPU
		{1D0C351F-08C3-4CF7-8D68-81427840AB75}.Release|Any CPU.ActiveCfg = Release|Any CPU
		{1D0C351F-08C3-4CF7-8D68-81427840AB75}.Release|Any CPU.Build.0 = Release|Any CPU
	EndGlobalSection
	GlobalSection(SolutionProperties) = preSolution
		HideSolutionNode = FALSE
	EndGlobalSection
	GlobalSection(ExtensibilityGlobals) = postSolution
		SolutionGuid = {407F1ABC-8E82-4DD6-BECC-E80A35E0E2BA}
	EndGlobalSection
EndGlobal
