
Microsoft Visual Studio Solution File, Format Version 12.00
# Visual Studio Version 17
VisualStudioVersion = 17.0.31919.166
MinimumVisualStudioVersion = 10.0.40219.1
Project("{FAE04EC0-301F-11D3-BF4B-00C04F79EFBC}") = "Day5a", "Day5a\Day5a.csproj", "{4F378FE9-3A00-4038-A930-A26B528DCC1A}"
EndProject
Global
	GlobalSection(SolutionConfigurationPlatforms) = preSolution
		Debug|Any CPU = Debug|Any CPU
		Release|Any CPU = Release|Any CPU
	EndGlobalSection
	GlobalSection(ProjectConfigurationPlatforms) = postSolution
		{4F378FE9-3A00-4038-A930-A26B528DCC1A}.Debug|Any CPU.ActiveCfg = Debug|Any CPU
		{4F378FE9-3A00-4038-A930-A26B528DCC1A}.Debug|Any CPU.Build.0 = Debug|Any CPU
		{4F378FE9-3A00-4038-A930-A26B528DCC1A}.Release|Any CPU.ActiveCfg = Release|Any CPU
		{4F378FE9-3A00-4038-A930-A26B528DCC1A}.Release|Any CPU.Build.0 = Release|Any CPU
	EndGlobalSection
	GlobalSection(SolutionProperties) = preSolution
		HideSolutionNode = FALSE
	EndGlobalSection
	GlobalSection(ExtensibilityGlobals) = postSolution
		SolutionGuid = {783E3DA7-64DD-4496-9D68-E652DEAFE69F}
	EndGlobalSection
EndGlobal
