
Microsoft Visual Studio Solution File, Format Version 12.00
# Visual Studio Version 17
VisualStudioVersion = 17.0.31919.166
MinimumVisualStudioVersion = 10.0.40219.1
Project("{FAE04EC0-301F-11D3-BF4B-00C04F79EFBC}") = "Day02a", "Day02a\Day02a.csproj", "{682526F9-F405-4E2B-B145-26E244952306}"
EndProject
Global
	GlobalSection(SolutionConfigurationPlatforms) = preSolution
		Debug|Any CPU = Debug|Any CPU
		Release|Any CPU = Release|Any CPU
	EndGlobalSection
	GlobalSection(ProjectConfigurationPlatforms) = postSolution
		{682526F9-F405-4E2B-B145-26E244952306}.Debug|Any CPU.ActiveCfg = Debug|Any CPU
		{682526F9-F405-4E2B-B145-26E244952306}.Debug|Any CPU.Build.0 = Debug|Any CPU
		{682526F9-F405-4E2B-B145-26E244952306}.Release|Any CPU.ActiveCfg = Release|Any CPU
		{682526F9-F405-4E2B-B145-26E244952306}.Release|Any CPU.Build.0 = Release|Any CPU
	EndGlobalSection
	GlobalSection(SolutionProperties) = preSolution
		HideSolutionNode = FALSE
	EndGlobalSection
	GlobalSection(ExtensibilityGlobals) = postSolution
		SolutionGuid = {41D9D89C-C2EB-4BC7-9183-0CD34610CF59}
	EndGlobalSection
EndGlobal
