
Microsoft Visual Studio Solution File, Format Version 12.00
# Visual Studio Version 17
VisualStudioVersion = 17.0.31919.166
MinimumVisualStudioVersion = 10.0.40219.1
Project("{FAE04EC0-301F-11D3-BF4B-00C04F79EFBC}") = "Day12", "Day12\Day12.csproj", "{7DA982EA-5599-4291-9285-E247381C0FD0}"
EndProject
Global
	GlobalSection(SolutionConfigurationPlatforms) = preSolution
		Debug|Any CPU = Debug|Any CPU
		Release|Any CPU = Release|Any CPU
	EndGlobalSection
	GlobalSection(ProjectConfigurationPlatforms) = postSolution
		{7DA982EA-5599-4291-9285-E247381C0FD0}.Debug|Any CPU.ActiveCfg = Debug|Any CPU
		{7DA982EA-5599-4291-9285-E247381C0FD0}.Debug|Any CPU.Build.0 = Debug|Any CPU
		{7DA982EA-5599-4291-9285-E247381C0FD0}.Release|Any CPU.ActiveCfg = Release|Any CPU
		{7DA982EA-5599-4291-9285-E247381C0FD0}.Release|Any CPU.Build.0 = Release|Any CPU
	EndGlobalSection
	GlobalSection(SolutionProperties) = preSolution
		HideSolutionNode = FALSE
	EndGlobalSection
	GlobalSection(ExtensibilityGlobals) = postSolution
		SolutionGuid = {D7D40A8A-D743-4607-8CD7-498A5ED5AF8B}
	EndGlobalSection
EndGlobal
